<?xml version="1.0" encoding="utf-8"?>
<Project ToolsVersion="4.0" xmlns="http://schemas.microsoft.com/developer/msbuild/2003">
  <ItemGroup>
    <ClCompile Include="singlemesh.cpp" />
    <ClCompile Include="lukasda7.cpp" />
    <ClCompile Include="triangle.cpp" />
    <ClCompile Include="camera.cpp" />
    <ClCompile Include="light.cpp" />
    <ClCompile Include="object.cpp" />
    <ClCompile Include="square.cpp" />
    <ClCompile Include="data\models\Item.cpp">
      <Filter>data\models</Filter>
    </ClCompile>
    <ClCompile Include="utils.cpp" />
  </ItemGroup>
  <ItemGroup>
    <ClInclude Include="object.h" />
    <ClInclude Include="renderableObject.h" />
    <ClInclude Include="singlemesh.h" />
    <ClInclude Include="triangle.h" />
    <ClInclude Include="camera.h" />
    <ClInclude Include="gameState.h" />
    <ClInclude Include="light.h" />
    <ClInclude Include="data\sceneGraph.h">
      <Filter>data</Filter>
    </ClInclude>
    <ClInclude Include="square.h" />
    <ClInclude Include="config.h" />
    <ClInclude Include="data\models\Item.h">
      <Filter>data\models</Filter>
    </ClInclude>
    <ClInclude Include="utils.h" />
  </ItemGroup>
  <ItemGroup>
    <Filter Include="data">
      <UniqueIdentifier>{cf9c1777-fee8-4314-8a42-c8f40ba045f2}</UniqueIdentifier>
    </Filter>
    <Filter Include="data\shaders">
      <UniqueIdentifier>{f8d67b17-30c0-43eb-9b08-23edee4d8841}</UniqueIdentifier>
    </Filter>
    <Filter Include="data\models">
      <UniqueIdentifier>{eeec654e-c917-4614-8092-c9493991e7c2}</UniqueIdentifier>
    </Filter>
  </ItemGroup>
  <ItemGroup>
    <None Include="data\shaders\mandelbrot.frag">
      <Filter>data\shaders</Filter>
    </None>
    <None Include="data\shaders\phong.vert">
      <Filter>data\shaders</Filter>
    </None>
    <None Include="data\shaders\phong.frag">
      <Filter>data\shaders</Filter>
    </None>
    <None Include="data\shaders\rocketFlame.frag">
      <Filter>data\shaders</Filter>
    </None>
    <None Include="data\shaders\rocketFlame.vert">
      <Filter>data\shaders</Filter>
    </None>
    <None Include="data\shaders\skydome.frag">
      <Filter>data\shaders</Filter>
    </None>
    <None Include="data\shaders\skydome.vert">
      <Filter>data\shaders</Filter>
    </None>
    <None Include="data\shaders\mandelbrot.vert">
      <Filter>data\shaders</Filter>
    </None>
  </ItemGroup>
</Project>